// !$*UTF8*$!
{
	archiveVersion = 1;
	classes = {
	};
	objectVersion = 55;
	objects = {

/* Begin PBXBuildFile section */
		D82B1FB72820B24E001715F2 /* AddOrderView.swift in Sources */ = {isa = PBXBuildFile; fileRef = D82B1FB62820B24E001715F2 /* AddOrderView.swift */; };
		D8844C6328227A6D00ACA47C /* Order.swift in Sources */ = {isa = PBXBuildFile; fileRef = D8844C6228227A6D00ACA47C /* Order.swift */; };
		D8844C6B2822A7F600ACA47C /* OrderView.swift in Sources */ = {isa = PBXBuildFile; fileRef = D8844C6A2822A7F600ACA47C /* OrderView.swift */; };
		D8844C6F282B927700ACA47C /* CartView.swift in Sources */ = {isa = PBXBuildFile; fileRef = D8844C6E282B927700ACA47C /* CartView.swift */; };
		D8844C71282BB0A500ACA47C /* Bahan.swift in Sources */ = {isa = PBXBuildFile; fileRef = D8844C70282BB0A500ACA47C /* Bahan.swift */; };
		D8BC5342282DE9E400346680 /* Total.swift in Sources */ = {isa = PBXBuildFile; fileRef = D8BC5341282DE9E400346680 /* Total.swift */; };
		D8D2766728335E2100EFBBEA /* ResepNastarView.swift in Sources */ = {isa = PBXBuildFile; fileRef = D8D2766628335E2100EFBBEA /* ResepNastarView.swift */; };
		D8D27669283367E600EFBBEA /* ResepKastengelView.swift in Sources */ = {isa = PBXBuildFile; fileRef = D8D27668283367E600EFBBEA /* ResepKastengelView.swift */; };
		D8DD0BAF281A36F50054B169 /* OpOrApp.swift in Sources */ = {isa = PBXBuildFile; fileRef = D8DD0BAE281A36F50054B169 /* OpOrApp.swift */; };
		D8DD0BB1281A36F50054B169 /* OpOrView.swift in Sources */ = {isa = PBXBuildFile; fileRef = D8DD0BB0281A36F50054B169 /* OpOrView.swift */; };
		D8DD0BB3281A36F80054B169 /* Assets.xcassets in Resources */ = {isa = PBXBuildFile; fileRef = D8DD0BB2281A36F80054B169 /* Assets.xcassets */; };
		D8DD0BB6281A36F80054B169 /* Preview Assets.xcassets in Resources */ = {isa = PBXBuildFile; fileRef = D8DD0BB5281A36F80054B169 /* Preview Assets.xcassets */; };
/* End PBXBuildFile section */

/* Begin PBXFileReference section */
		D82B1FB62820B24E001715F2 /* AddOrderView.swift */ = {isa = PBXFileReference; lastKnownFileType = sourcecode.swift; path = AddOrderView.swift; sourceTree = "<group>"; };
		D8844C6228227A6D00ACA47C /* Order.swift */ = {isa = PBXFileReference; lastKnownFileType = sourcecode.swift; path = Order.swift; sourceTree = "<group>"; };
		D8844C6A2822A7F600ACA47C /* OrderView.swift */ = {isa = PBXFileReference; lastKnownFileType = sourcecode.swift; path = OrderView.swift; sourceTree = "<group>"; };
		D8844C6E282B927700ACA47C /* CartView.swift */ = {isa = PBXFileReference; lastKnownFileType = sourcecode.swift; path = CartView.swift; sourceTree = "<group>"; };
		D8844C70282BB0A500ACA47C /* Bahan.swift */ = {isa = PBXFileReference; lastKnownFileType = sourcecode.swift; path = Bahan.swift; sourceTree = "<group>"; };
		D8BC5341282DE9E400346680 /* Total.swift */ = {isa = PBXFileReference; lastKnownFileType = sourcecode.swift; path = Total.swift; sourceTree = "<group>"; };
		D8D2766628335E2100EFBBEA /* ResepNastarView.swift */ = {isa = PBXFileReference; lastKnownFileType = sourcecode.swift; path = ResepNastarView.swift; sourceTree = "<group>"; };
		D8D27668283367E600EFBBEA /* ResepKastengelView.swift */ = {isa = PBXFileReference; lastKnownFileType = sourcecode.swift; path = ResepKastengelView.swift; sourceTree = "<group>"; };
		D8DD0BAB281A36F50054B169 /* OpOr.app */ = {isa = PBXFileReference; explicitFileType = wrapper.application; includeInIndex = 0; path = OpOr.app; sourceTree = BUILT_PRODUCTS_DIR; };
		D8DD0BAE281A36F50054B169 /* OpOrApp.swift */ = {isa = PBXFileReference; lastKnownFileType = sourcecode.swift; path = OpOrApp.swift; sourceTree = "<group>"; };
		D8DD0BB0281A36F50054B169 /* OpOrView.swift */ = {isa = PBXFileReference; lastKnownFileType = sourcecode.swift; path = OpOrView.swift; sourceTree = "<group>"; };
		D8DD0BB2281A36F80054B169 /* Assets.xcassets */ = {isa = PBXFileReference; lastKnownFileType = folder.assetcatalog; path = Assets.xcassets; sourceTree = "<group>"; };
		D8DD0BB5281A36F80054B169 /* Preview Assets.xcassets */ = {isa = PBXFileReference; lastKnownFileType = folder.assetcatalog; path = "Preview Assets.xcassets"; sourceTree = "<group>"; };
/* End PBXFileReference section */

/* Begin PBXFrameworksBuildPhase section */
		D8DD0BA8281A36F50054B169 /* Frameworks */ = {
			isa = PBXFrameworksBuildPhase;
			buildActionMask = 2147483647;
			files = (
			);
			runOnlyForDeploymentPostprocessing = 0;
		};
/* End PBXFrameworksBuildPhase section */

/* Begin PBXGroup section */
		D8DD0BA2281A36F50054B169 = {
			isa = PBXGroup;
			children = (
				D8DD0BAD281A36F50054B169 /* OpOr */,
				D8DD0BAC281A36F50054B169 /* Products */,
			);
			sourceTree = "<group>";
		};
		D8DD0BAC281A36F50054B169 /* Products */ = {
			isa = PBXGroup;
			children = (
				D8DD0BAB281A36F50054B169 /* OpOr.app */,
			);
			name = Products;
			sourceTree = "<group>";
		};
		D8DD0BAD281A36F50054B169 /* OpOr */ = {
			isa = PBXGroup;
			children = (
				D8DD0BAE281A36F50054B169 /* OpOrApp.swift */,
				D8DD0BB0281A36F50054B169 /* OpOrView.swift */,
				D8844C6E282B927700ACA47C /* CartView.swift */,
				D8844C6A2822A7F600ACA47C /* OrderView.swift */,
				D82B1FB62820B24E001715F2 /* AddOrderView.swift */,
				D8D2766628335E2100EFBBEA /* ResepNastarView.swift */,
				D8D27668283367E600EFBBEA /* ResepKastengelView.swift */,
				D8844C6228227A6D00ACA47C /* Order.swift */,
				D8844C70282BB0A500ACA47C /* Bahan.swift */,
				D8BC5341282DE9E400346680 /* Total.swift */,
				D8DD0BB2281A36F80054B169 /* Assets.xcassets */,
				D8DD0BB4281A36F80054B169 /* Preview Content */,
			);
			path = OpOr;
			sourceTree = "<group>";
		};
		D8DD0BB4281A36F80054B169 /* Preview Content */ = {
			isa = PBXGroup;
			children = (
				D8DD0BB5281A36F80054B169 /* Preview Assets.xcassets */,
			);
			path = "Preview Content";
			sourceTree = "<group>";
		};
/* End PBXGroup section */

/* Begin PBXNativeTarget section */
		D8DD0BAA281A36F50054B169 /* OpOr */ = {
			isa = PBXNativeTarget;
			buildConfigurationList = D8DD0BB9281A36F80054B169 /* Build configuration list for PBXNativeTarget "OpOr" */;
			buildPhases = (
				D8DD0BA7281A36F50054B169 /* Sources */,
				D8DD0BA8281A36F50054B169 /* Frameworks */,
				D8DD0BA9281A36F50054B169 /* Resources */,
			);
			buildRules = (
			);
			dependencies = (
			);
			name = OpOr;
			productName = OpOr;
			productReference = D8DD0BAB281A36F50054B169 /* OpOr.app */;
			productType = "com.apple.product-type.application";
		};
/* End PBXNativeTarget section */

/* Begin PBXProject section */
		D8DD0BA3281A36F50054B169 /* Project object */ = {
			isa = PBXProject;
			attributes = {
				BuildIndependentTargetsInParallel = 1;
				LastSwiftUpdateCheck = 1330;
				LastUpgradeCheck = 1330;
				TargetAttributes = {
					D8DD0BAA281A36F50054B169 = {
						CreatedOnToolsVersion = 13.3.1;
					};
				};
			};
			buildConfigurationList = D8DD0BA6281A36F50054B169 /* Build configuration list for PBXProject "OpOr" */;
			compatibilityVersion = "Xcode 13.0";
			developmentRegion = en;
			hasScannedForEncodings = 0;
			knownRegions = (
				en,
				Base,
			);
			mainGroup = D8DD0BA2281A36F50054B169;
			productRefGroup = D8DD0BAC281A36F50054B169 /* Products */;
			projectDirPath = "";
			projectRoot = "";
			targets = (
				D8DD0BAA281A36F50054B169 /* OpOr */,
			);
		};
/* End PBXProject section */

/* Begin PBXResourcesBuildPhase section */
		D8DD0BA9281A36F50054B169 /* Resources */ = {
			isa = PBXResourcesBuildPhase;
			buildActionMask = 2147483647;
			files = (
				D8DD0BB6281A36F80054B169 /* Preview Assets.xcassets in Resources */,
				D8DD0BB3281A36F80054B169 /* Assets.xcassets in Resources */,
			);
			runOnlyForDeploymentPostprocessing = 0;
		};
/* End PBXResourcesBuildPhase section */

/* Begin PBXSourcesBuildPhase section */
		D8DD0BA7281A36F50054B169 /* Sources */ = {
			isa = PBXSourcesBuildPhase;
			buildActionMask = 2147483647;
			files = (
				D8844C6F282B927700ACA47C /* CartView.swift in Sources */,
				D8DD0BB1281A36F50054B169 /* OpOrView.swift in Sources */,
				D8BC5342282DE9E400346680 /* Total.swift in Sources */,
				D8844C71282BB0A500ACA47C /* Bahan.swift in Sources */,
				D82B1FB72820B24E001715F2 /* AddOrderView.swift in Sources */,
				D8844C6B2822A7F600ACA47C /* OrderView.swift in Sources */,
				D8844C6328227A6D00ACA47C /* Order.swift in Sources */,
				D8D2766728335E2100EFBBEA /* ResepNastarView.swift in Sources */,
				D8DD0BAF281A36F50054B169 /* OpOrApp.swift in Sources */,
				D8D27669283367E600EFBBEA /* ResepKastengelView.swift in Sources */,
			);
			runOnlyForDeploymentPostprocessing = 0;
		};
/* End PBXSourcesBuildPhase section */

/* Begin XCBuildConfiguration section */
		D8DD0BB7281A36F80054B169 /* Debug */ = {
			isa = XCBuildConfiguration;
			buildSettings = {
				ALWAYS_SEARCH_USER_PATHS = NO;
				CLANG_ANALYZER_NONNULL = YES;
				CLANG_ANALYZER_NUMBER_OBJECT_CONVERSION = YES_AGGRESSIVE;
				CLANG_CXX_LANGUAGE_STANDARD = "gnu++17";
				CLANG_ENABLE_MODULES = YES;
				CLANG_ENABLE_OBJC_ARC = YES;
				CLANG_ENABLE_OBJC_WEAK = YES;
				CLANG_WARN_BLOCK_CAPTURE_AUTORELEASING = YES;
				CLANG_WARN_BOOL_CONVERSION = YES;
				CLANG_WARN_COMMA = YES;
				CLANG_WARN_CONSTANT_CONVERSION = YES;
				CLANG_WARN_DEPRECATED_OBJC_IMPLEMENTATIONS = YES;
				CLANG_WARN_DIRECT_OBJC_ISA_USAGE = YES_ERROR;
				CLANG_WARN_DOCUMENTATION_COMMENTS = YES;
				CLANG_WARN_EMPTY_BODY = YES;
				CLANG_WARN_ENUM_CONVERSION = YES;
				CLANG_WARN_INFINITE_RECURSION = YES;
				CLANG_WARN_INT_CONVERSION = YES;
				CLANG_WARN_NON_LITERAL_NULL_CONVERSION = YES;
				CLANG_WARN_OBJC_IMPLICIT_RETAIN_SELF = YES;
				CLANG_WARN_OBJC_LITERAL_CONVERSION = YES;
				CLANG_WARN_OBJC_ROOT_CLASS = YES_ERROR;
				CLANG_WARN_QUOTED_INCLUDE_IN_FRAMEWORK_HEADER = YES;
				CLANG_WARN_RANGE_LOOP_ANALYSIS = YES;
				CLANG_WARN_STRICT_PROTOTYPES = YES;
				CLANG_WARN_SUSPICIOUS_MOVE = YES;
				CLANG_WARN_UNGUARDED_AVAILABILITY = YES_AGGRESSIVE;
				CLANG_WARN_UNREACHABLE_CODE = YES;
				CLANG_WARN__DUPLICATE_METHOD_MATCH = YES;
				COPY_PHASE_STRIP = NO;
				DEBUG_INFORMATION_FORMAT = dwarf;
				ENABLE_STRICT_OBJC_MSGSEND = YES;
				ENABLE_TESTABILITY = YES;
				GCC_C_LANGUAGE_STANDARD = gnu11;
				GCC_DYNAMIC_NO_PIC = NO;
				GCC_NO_COMMON_BLOCKS = YES;
				GCC_OPTIMIZATION_LEVEL = 0;
				GCC_PREPROCESSOR_DEFINITIONS = (
					"DEBUG=1",
					"$(inherited)",
				);
				GCC_WARN_64_TO_32_BIT_CONVERSION = YES;
				GCC_WARN_ABOUT_RETURN_TYPE = YES_ERROR;
				GCC_WARN_UNDECLARED_SELECTOR = YES;
				GCC_WARN_UNINITIALIZED_AUTOS = YES_AGGRESSIVE;
				GCC_WARN_UNUSED_FUNCTION = YES;
				GCC_WARN_UNUSED_VARIABLE = YES;
				IPHONEOS_DEPLOYMENT_TARGET = 15.4;
				MTL_ENABLE_DEBUG_INFO = INCLUDE_SOURCE;
				MTL_FAST_MATH = YES;
				ONLY_ACTIVE_ARCH = YES;
				SDKROOT = iphoneos;
				SWIFT_ACTIVE_COMPILATION_CONDITIONS = DEBUG;
				SWIFT_OPTIMIZATION_LEVEL = "-Onone";
			};
			name = Debug;
		};
		D8DD0BB8281A36F80054B169 /* Release */ = {
			isa = XCBuildConfiguration;
			buildSettings = {
				ALWAYS_SEARCH_USER_PATHS = NO;
				CLANG_ANALYZER_NONNULL = YES;
				CLANG_ANALYZER_NUMBER_OBJECT_CONVERSION = YES_AGGRESSIVE;
				CLANG_CXX_LANGUAGE_STANDARD = "gnu++17";
				CLANG_ENABLE_MODULES = YES;
				CLANG_ENABLE_OBJC_ARC = YES;
				CLANG_ENABLE_OBJC_WEAK = YES;
				CLANG_WARN_BLOCK_CAPTURE_AUTORELEASING = YES;
				CLANG_WARN_BOOL_CONVERSION = YES;
				CLANG_WARN_COMMA = YES;
				CLANG_WARN_CONSTANT_CONVERSION = YES;
				CLANG_WARN_DEPRECATED_OBJC_IMPLEMENTATIONS = YES;
				CLANG_WARN_DIRECT_OBJC_ISA_USAGE = YES_ERROR;
				CLANG_WARN_DOCUMENTATION_COMMENTS = YES;
				CLANG_WARN_EMPTY_BODY = YES;
				CLANG_WARN_ENUM_CONVERSION = YES;
				CLANG_WARN_INFINITE_RECURSION = YES;
				CLANG_WARN_INT_CONVERSION = YES;
				CLANG_WARN_NON_LITERAL_NULL_CONVERSION = YES;
				CLANG_WARN_OBJC_IMPLICIT_RETAIN_SELF = YES;
				CLANG_WARN_OBJC_LITERAL_CONVERSION = YES;
				CLANG_WARN_OBJC_ROOT_CLASS = YES_ERROR;
				CLANG_WARN_QUOTED_INCLUDE_IN_FRAMEWORK_HEADER = YES;
				CLANG_WARN_RANGE_LOOP_ANALYSIS = YES;
				CLANG_WARN_STRICT_PROTOTYPES = YES;
				CLANG_WARN_SUSPICIOUS_MOVE = YES;
				CLANG_WARN_UNGUARDED_AVAILABILITY = YES_AGGRESSIVE;
				CLANG_WARN_UNREACHABLE_CODE = YES;
				CLANG_WARN__DUPLICATE_METHOD_MATCH = YES;
				COPY_PHASE_STRIP = NO;
				DEBUG_INFORMATION_FORMAT = "dwarf-with-dsym";
				ENABLE_NS_ASSERTIONS = NO;
				ENABLE_STRICT_OBJC_MSGSEND = YES;
				GCC_C_LANGUAGE_STANDARD = gnu11;
				GCC_NO_COMMON_BLOCKS = YES;
				GCC_WARN_64_TO_32_BIT_CONVERSION = YES;
				GCC_WARN_ABOUT_RETURN_TYPE = YES_ERROR;
				GCC_WARN_UNDECLARED_SELECTOR = YES;
				GCC_WARN_UNINITIALIZED_AUTOS = YES_AGGRESSIVE;
				GCC_WARN_UNUSED_FUNCTION = YES;
				GCC_WARN_UNUSED_VARIABLE = YES;
				IPHONEOS_DEPLOYMENT_TARGET = 15.4;
				MTL_ENABLE_DEBUG_INFO = NO;
				MTL_FAST_MATH = YES;
				SDKROOT = iphoneos;
				SWIFT_COMPILATION_MODE = wholemodule;
				SWIFT_OPTIMIZATION_LEVEL = "-O";
				VALIDATE_PRODUCT = YES;
			};
			name = Release;
		};
		D8DD0BBA281A36F80054B169 /* Debug */ = {
			isa = XCBuildConfiguration;
			buildSettings = {
				ASSETCATALOG_COMPILER_APPICON_NAME = AppIcon;
				ASSETCATALOG_COMPILER_GLOBAL_ACCENT_COLOR_NAME = AccentColor;
				CODE_SIGN_IDENTITY = "Apple Development";
				CODE_SIGN_STYLE = Automatic;
				CURRENT_PROJECT_VERSION = 1;
				DEVELOPMENT_ASSET_PATHS = "\"OpOr/Preview Content\"";
				DEVELOPMENT_TEAM = C58DRUF2Q7;
				ENABLE_PREVIEWS = YES;
				GENERATE_INFOPLIST_FILE = YES;
				INFOPLIST_KEY_UIApplicationSceneManifest_Generation = YES;
				INFOPLIST_KEY_UIApplicationSupportsIndirectInputEvents = YES;
				INFOPLIST_KEY_UILaunchScreen_Generation = YES;
				INFOPLIST_KEY_UISupportedInterfaceOrientations_iPad = "UIInterfaceOrientationPortrait UIInterfaceOrientationPortraitUpsideDown UIInterfaceOrientationLandscapeLeft UIInterfaceOrientationLandscapeRight";
				INFOPLIST_KEY_UISupportedInterfaceOrientations_iPhone = "UIInterfaceOrientationPortrait UIInterfaceOrientationLandscapeLeft UIInterfaceOrientationLandscapeRight";
				LD_RUNPATH_SEARCH_PATHS = (
					"$(inherited)",
					"@executable_path/Frameworks",
				);
				MARKETING_VERSION = 1.0;
				PRODUCT_BUNDLE_IDENTIFIER = com.cyntyadita.OpOr;
				PRODUCT_NAME = "$(TARGET_NAME)";
				PROVISIONING_PROFILE_SPECIFIER = "";
				SWIFT_EMIT_LOC_STRINGS = YES;
				SWIFT_VERSION = 5.0;
				TARGETED_DEVICE_FAMILY = "1,2";
			};
			name = Debug;
		};
		D8DD0BBB281A36F80054B169 /* Release */ = {
			isa = XCBuildConfiguration;
			buildSettings = {
				ASSETCATALOG_COMPILER_APPICON_NAME = AppIcon;
				ASSETCATALOG_COMPILER_GLOBAL_ACCENT_COLOR_NAME = AccentColor;
				CODE_SIGN_IDENTITY = "Apple Development";
				CODE_SIGN_STYLE = Automatic;
				CURRENT_PROJECT_VERSION = 1;
				DEVELOPMENT_ASSET_PATHS = "\"OpOr/Preview Content\"";
				DEVELOPMENT_TEAM = C58DRUF2Q7;
				ENABLE_PREVIEWS = YES;
				GENERATE_INFOPLIST_FILE = YES;
				INFOPLIST_KEY_UIApplicationSceneManifest_Generation = YES;
				INFOPLIST_KEY_UIApplicationSupportsIndirectInputEvents = YES;
				INFOPLIST_KEY_UILaunchScreen_Generation = YES;
				INFOPLIST_KEY_UISupportedInterfaceOrientations_iPad = "UIInterfaceOrientationPortrait UIInterfaceOrientationPortraitUpsideDown UIInterfaceOrientationLandscapeLeft UIInterfaceOrientationLandscapeRight";
				INFOPLIST_KEY_UISupportedInterfaceOrientations_iPhone = "UIInterfaceOrientationPortrait UIInterfaceOrientationLandscapeLeft UIInterfaceOrientationLandscapeRight";
				LD_RUNPATH_SEARCH_PATHS = (
					"$(inherited)",
					"@executable_path/Frameworks",
				);
				MARKETING_VERSION = 1.0;
				PRODUCT_BUNDLE_IDENTIFIER = com.cyntyadita.OpOr;
				PRODUCT_NAME = "$(TARGET_NAME)";
				PROVISIONING_PROFILE_SPECIFIER = "";
				SWIFT_EMIT_LOC_STRINGS = YES;
				SWIFT_VERSION = 5.0;
				TARGETED_DEVICE_FAMILY = "1,2";
			};
			name = Release;
		};
/* End XCBuildConfiguration section */

/* Begin XCConfigurationList section */
		D8DD0BA6281A36F50054B169 /* Build configuration list for PBXProject "OpOr" */ = {
			isa = XCConfigurationList;
			buildConfigurations = (
				D8DD0BB7281A36F80054B169 /* Debug */,
				D8DD0BB8281A36F80054B169 /* Release */,
			);
			defaultConfigurationIsVisible = 0;
			defaultConfigurationName = Release;
		};
		D8DD0BB9281A36F80054B169 /* Build configuration list for PBXNativeTarget "OpOr" */ = {
			isa = XCConfigurationList;
			buildConfigurations = (
				D8DD0BBA281A36F80054B169 /* Debug */,
				D8DD0BBB281A36F80054B169 /* Release */,
			);
			defaultConfigurationIsVisible = 0;
			defaultConfigurationName = Release;
		};
/* End XCConfigurationList section */
	};
	rootObject = D8DD0BA3281A36F50054B169 /* Project object */;
}
